{
  "name": "sigero",
  "lockfileVersion": 2,
  "requires": true,
  "packages": {
    "": {
      "dependencies": {
        "funnel-graph-js": "^1.4.2"
      }
    },
    "node_modules/funnel-graph-js": {
      "version": "1.4.2",
      "resolved": "https://registry.npmjs.org/funnel-graph-js/-/funnel-graph-js-1.4.2.tgz",
      "integrity": "sha512-9bnmcBve7RDH9dTF9BLuUpuisKkDka3yrfhs+Z/106ZgJvqIse1RfKQWjW+QdAlTrZqC9oafen7t/KuJKv9ohA==",
      "license": "MIT"
    }
  },
  "dependencies": {
    "funnel-graph-js": {
      "version": "1.4.2",
      "resolved": "https://registry.npmjs.org/funnel-graph-js/-/funnel-graph-js-1.4.2.tgz",
      "integrity": "sha512-9bnmcBve7RDH9dTF9BLuUpuisKkDka3yrfhs+Z/106ZgJvqIse1RfKQWjW+QdAlTrZqC9oafen7t/KuJKv9ohA=="
    }
  }
}
