# THIS IS AN AUTOGENERATED FILE. DO NOT EDIT THIS FILE DIRECTLY.
# yarn lockfile v1


"funnel-graph-js@^1.4.2":
  "integrity" "sha512-9bnmcBve7RDH9dTF9BLuUpuisKkDka3yrfhs+Z/106ZgJvqIse1RfKQWjW+QdAlTrZqC9oafen7t/KuJKv9ohA=="
  "resolved" "https://registry.npmjs.org/funnel-graph-js/-/funnel-graph-js-1.4.2.tgz"
  "version" "1.4.2"
