# THIS IS AN AUTOGENERATED FILE. DO NOT EDIT THIS FILE DIRECTLY.
# yarn lockfile v1


funnel-graph-js@^1.4.2:
  version "1.4.2"
  resolved "https://registry.npmjs.org/funnel-graph-js/-/funnel-graph-js-1.4.2.tgz#b82150189e8afa59104d881d5dcf55a28d715342"
  integrity sha512-9bnmcBve7RDH9dTF9BLuUpuisKkDka3yrfhs+Z/106ZgJvqIse1RfKQWjW+QdAlTrZqC9oafen7t/KuJKv9ohA==
